{
  "requires": true,
  "lockfileVersion": 1,
  "dependencies": {
    "moment": {
      "version": "2.24.0",
      "resolved": "https://registry.npmjs.org/moment/-/moment-2.24.0.tgz",
      "integrity": "sha512-bV7f+6l2QigeBBZSM/6yTNq4P2fNpSWj/0e7jQcy87A8e7o2nAfP/34/2ky5Vw4B9S446EtIhodAzkFCcR4dQg=="
    },
    "v-click-outside": {
      "version": "2.1.3",
      "resolved": "https://registry.npmjs.org/v-click-outside/-/v-click-outside-2.1.3.tgz",
      "integrity": "sha512-8d11/fN+nkSPeor87K8OtGc/lDbRwbUiFwdzxQEGidlXt6eko3gIgRM7ghgi4p/zohF3Ja9hAaydAajV3gnlPQ=="
    }
  }
}
